{
  "name": "my_component",
  "lockfileVersion": 2,
  "requires": true,
  "packages": {
    "": {
      "dependencies": {
        "@types/dom-mediacapture-record": "^1.0.11"
      }
    },
    "node_modules/@types/dom-mediacapture-record": {
      "version": "1.0.11",
      "resolved": "https://registry.npmjs.org/@types/dom-mediacapture-record/-/dom-mediacapture-record-1.0.11.tgz",
      "integrity": "sha512-ODVOH95x08arZhbQOjH3no7Iye64akdO+55nM+IGtTzpu2ACKr9CQTrI//CCVieIjlI/eL+rK1hQjMycxIgylQ=="
    }
  },
  "dependencies": {
    "@types/dom-mediacapture-record": {
      "version": "1.0.11",
      "resolved": "https://registry.npmjs.org/@types/dom-mediacapture-record/-/dom-mediacapture-record-1.0.11.tgz",
      "integrity": "sha512-ODVOH95x08arZhbQOjH3no7Iye64akdO+55nM+IGtTzpu2ACKr9CQTrI//CCVieIjlI/eL+rK1hQjMycxIgylQ=="
    }
  }
}
